# This file is automatically @generated by Poetry 1.8.0 and should not be changed by hand.

[[package]]
name = "poetry-core"
version = "2.4.1"
description = "Poetry PEP 517 Build Backend"
optional = false
python-versions = "<4.0,>=3.10"
files = [
    {file = "poetry_core-2.4.1-py3-none-any.whl", hash = "sha256:acf06f9537cd2625bdaec926d95d90b557ba15353bc71d27a3a8a441042b5316"},
    {file = "poetry_core-2.4.1.tar.gz", hash = "sha256:89dceb6c10e9c6d8650a16183400e3c9ff9ddee13b0a81023b5575334a2b3744"},
]

[metadata]
lock-version = "2.0"
python-versions = "^3.13"
content-hash = "e70b9f7937f67b7f1e0e8ffcd3c43c756e02491a4305bafabcd62ae32253b857"
